
Microsoft Visual Studio Solution File, Format Version 12.00
# Visual Studio Version 16
VisualStudioVersion = 16.0.30225.117
MinimumVisualStudioVersion = 10.0.40219.1
Project("{FAE04EC0-301F-11D3-BF4B-00C04F79EFBC}") = "LifetimeScopeTest", "LifetimeScopeTest\LifetimeScopeTest.csproj", "{68B78E4B-703F-46BE-8519-408F9185C158}"
EndProject
Project("{FAE04EC0-301F-11D3-BF4B-00C04F79EFBC}") = "LifetimeScopeTest.Extent", "LifetimeScopeTest.Extent\LifetimeScopeTest.Extent.csproj", "{B4EB0F94-0F83-47D4-AFB9-9DA34B9EDF6F}"
EndProject
Global
	GlobalSection(SolutionConfigurationPlatforms) = preSolution
		Debug|Any CPU = Debug|Any CPU
		Release|Any CPU = Release|Any CPU
	EndGlobalSection
	GlobalSection(ProjectConfigurationPlatforms) = postSolution
		{68B78E4B-703F-46BE-8519-408F9185C158}.Debug|Any CPU.ActiveCfg = Debug|Any CPU
		{68B78E4B-703F-46BE-8519-408F9185C158}.Debug|Any CPU.Build.0 = Debug|Any CPU
		{68B78E4B-703F-46BE-8519-408F9185C158}.Release|Any CPU.ActiveCfg = Release|Any CPU
		{68B78E4B-703F-46BE-8519-408F9185C158}.Release|Any CPU.Build.0 = Release|Any CPU
		{B4EB0F94-0F83-47D4-AFB9-9DA34B9EDF6F}.Debug|Any CPU.ActiveCfg = Debug|Any CPU
		{B4EB0F94-0F83-47D4-AFB9-9DA34B9EDF6F}.Debug|Any CPU.Build.0 = Debug|Any CPU
		{B4EB0F94-0F83-47D4-AFB9-9DA34B9EDF6F}.Release|Any CPU.ActiveCfg = Release|Any CPU
		{B4EB0F94-0F83-47D4-AFB9-9DA34B9EDF6F}.Release|Any CPU.Build.0 = Release|Any CPU
	EndGlobalSection
	GlobalSection(SolutionProperties) = preSolution
		HideSolutionNode = FALSE
	EndGlobalSection
	GlobalSection(ExtensibilityGlobals) = postSolution
		SolutionGuid = {A6DDFD66-2C21-4AAB-A442-840A820016A2}
	EndGlobalSection
EndGlobal
